// !$*UTF8*$!
{
	archiveVersion = 1;
	classes = {
	};
	objectVersion = 48;
	objects = {

/* Begin PBXBuildFile section */
		130AEA7E1F80716B0024BDFC /* AppDelegate.swift in Sources */ = {isa = PBXBuildFile; fileRef = 130AEA7D1F80716B0024BDFC /* AppDelegate.swift */; };
		130AEA801F80716B0024BDFC /* ViewController.swift in Sources */ = {isa = PBXBuildFile; fileRef = 130AEA7F1F80716B0024BDFC /* ViewController.swift */; };
		130AEA831F80716B0024BDFC /* Main.storyboard in Resources */ = {isa = PBXBuildFile; fileRef = 130AEA811F80716B0024BDFC /* Main.storyboard */; };
		130AEA851F80716B0024BDFC /* Assets.xcassets in Resources */ = {isa = PBXBuildFile; fileRef = 130AEA841F80716B0024BDFC /* Assets.xcassets */; };
		130AEA881F80716B0024BDFC /* LaunchScreen.storyboard in Resources */ = {isa = PBXBuildFile; fileRef = 130AEA861F80716B0024BDFC /* LaunchScreen.storyboard */; };
		130AEA931F80716B0024BDFC /* qst0_cardsTests.swift in Sources */ = {isa = PBXBuildFile; fileRef = 130AEA921F80716B0024BDFC /* qst0_cardsTests.swift */; };
/* End PBXBuildFile section */

/* Begin PBXContainerItemProxy section */
		130AEA8F1F80716B0024BDFC /* PBXContainerItemProxy */ = {
			isa = PBXContainerItemProxy;
			containerPortal = 130AEA721F80716A0024BDFC /* Project object */;
			proxyType = 1;
			remoteGlobalIDString = 130AEA791F80716B0024BDFC;
			remoteInfo = "qst0-cards";
		};
/* End PBXContainerItemProxy section */

/* Begin PBXFileReference section */
		130AEA7A1F80716B0024BDFC /* qst0-cards.app */ = {isa = PBXFileReference; explicitFileType = wrapper.application; includeInIndex = 0; path = "qst0-cards.app"; sourceTree = BUILT_PRODUCTS_DIR; };
		130AEA7D1F80716B0024BDFC /* AppDelegate.swift */ = {isa = PBXFileReference; lastKnownFileType = sourcecode.swift; path = AppDelegate.swift; sourceTree = "<group>"; };
		130AEA7F1F80716B0024BDFC /* ViewController.swift */ = {isa = PBXFileReference; lastKnownFileType = sourcecode.swift; path = ViewController.swift; sourceTree = "<group>"; };
		130AEA821F80716B0024BDFC /* Base */ = {isa = PBXFileReference; lastKnownFileType = file.storyboard; name = Base; path = Base.lproj/Main.storyboard; sourceTree = "<group>"; };
		130AEA841F80716B0024BDFC /* Assets.xcassets */ = {isa = PBXFileReference; lastKnownFileType = folder.assetcatalog; path = Assets.xcassets; sourceTree = "<group>"; };
		130AEA871F80716B0024BDFC /* Base */ = {isa = PBXFileReference; lastKnownFileType = file.storyboard; name = Base; path = Base.lproj/LaunchScreen.storyboard; sourceTree = "<group>"; };
		130AEA891F80716B0024BDFC /* Info.plist */ = {isa = PBXFileReference; lastKnownFileType = text.plist.xml; path = Info.plist; sourceTree = "<group>"; };
		130AEA8E1F80716B0024BDFC /* qst0-cardsTests.xctest */ = {isa = PBXFileReference; explicitFileType = wrapper.cfbundle; includeInIndex = 0; path = "qst0-cardsTests.xctest"; sourceTree = BUILT_PRODUCTS_DIR; };
		130AEA921F80716B0024BDFC /* qst0_cardsTests.swift */ = {isa = PBXFileReference; lastKnownFileType = sourcecode.swift; path = qst0_cardsTests.swift; sourceTree = "<group>"; };
		130AEA941F80716B0024BDFC /* Info.plist */ = {isa = PBXFileReference; lastKnownFileType = text.plist.xml; path = Info.plist; sourceTree = "<group>"; };
/* End PBXFileReference section */

/* Begin PBXFrameworksBuildPhase section */
		130AEA771F80716B0024BDFC /* Frameworks */ = {
			isa = PBXFrameworksBuildPhase;
			buildActionMask = 2147483647;
			files = (
			);
			runOnlyForDeploymentPostprocessing = 0;
		};
		130AEA8B1F80716B0024BDFC /* Frameworks */ = {
			isa = PBXFrameworksBuildPhase;
			buildActionMask = 2147483647;
			files = (
			);
			runOnlyForDeploymentPostprocessing = 0;
		};
/* End PBXFrameworksBuildPhase section */

/* Begin PBXGroup section */
		130AEA711F80716A0024BDFC = {
			isa = PBXGroup;
			children = (
				130AEA7C1F80716B0024BDFC /* qst0-cards */,
				130AEA911F80716B0024BDFC /* qst0-cardsTests */,
				130AEA7B1F80716B0024BDFC /* Products */,
			);
			sourceTree = "<group>";
		};
		130AEA7B1F80716B0024BDFC /* Products */ = {
			isa = PBXGroup;
			children = (
				130AEA7A1F80716B0024BDFC /* qst0-cards.app */,
				130AEA8E1F80716B0024BDFC /* qst0-cardsTests.xctest */,
			);
			name = Products;
			sourceTree = "<group>";
		};
		130AEA7C1F80716B0024BDFC /* qst0-cards */ = {
			isa = PBXGroup;
			children = (
				130AEA7D1F80716B0024BDFC /* AppDelegate.swift */,
				130AEA7F1F80716B0024BDFC /* ViewController.swift */,
				130AEA811F80716B0024BDFC /* Main.storyboard */,
				130AEA841F80716B0024BDFC /* Assets.xcassets */,
				130AEA861F80716B0024BDFC /* LaunchScreen.storyboard */,
				130AEA891F80716B0024BDFC /* Info.plist */,
			);
			path = "qst0-cards";
			sourceTree = "<group>";
		};
		130AEA911F80716B0024BDFC /* qst0-cardsTests */ = {
			isa = PBXGroup;
			children = (
				130AEA921F80716B0024BDFC /* qst0_cardsTests.swift */,
				130AEA941F80716B0024BDFC /* Info.plist */,
			);
			path = "qst0-cardsTests";
			sourceTree = "<group>";
		};
/* End PBXGroup section */

/* Begin PBXNativeTarget section */
		130AEA791F80716B0024BDFC /* qst0-cards */ = {
			isa = PBXNativeTarget;
			buildConfigurationList = 130AEA971F80716B0024BDFC /* Build configuration list for PBXNativeTarget "qst0-cards" */;
			buildPhases = (
				130AEA761F80716B0024BDFC /* Sources */,
				130AEA771F80716B0024BDFC /* Frameworks */,
				130AEA781F80716B0024BDFC /* Resources */,
			);
			buildRules = (
			);
			dependencies = (
			);
			name = "qst0-cards";
			productName = "qst0-cards";
			productReference = 130AEA7A1F80716B0024BDFC /* qst0-cards.app */;
			productType = "com.apple.product-type.application";
		};
		130AEA8D1F80716B0024BDFC /* qst0-cardsTests */ = {
			isa = PBXNativeTarget;
			buildConfigurationList = 130AEA9A1F80716B0024BDFC /* Build configuration list for PBXNativeTarget "qst0-cardsTests" */;
			buildPhases = (
				130AEA8A1F80716B0024BDFC /* Sources */,
				130AEA8B1F80716B0024BDFC /* Frameworks */,
				130AEA8C1F80716B0024BDFC /* Resources */,
			);
			buildRules = (
			);
			dependencies = (
				130AEA901F80716B0024BDFC /* PBXTargetDependency */,
			);
			name = "qst0-cardsTests";
			productName = "qst0-cardsTests";
			productReference = 130AEA8E1F80716B0024BDFC /* qst0-cardsTests.xctest */;
			productType = "com.apple.product-type.bundle.unit-test";
		};
/* End PBXNativeTarget section */

/* Begin PBXProject section */
		130AEA721F80716A0024BDFC /* Project object */ = {
			isa = PBXProject;
			attributes = {
				LastSwiftUpdateCheck = 0900;
				LastUpgradeCheck = 0900;
				ORGANIZATIONNAME = qst0;
				TargetAttributes = {
					130AEA791F80716B0024BDFC = {
						CreatedOnToolsVersion = 9.0;
						ProvisioningStyle = Automatic;
					};
					130AEA8D1F80716B0024BDFC = {
						CreatedOnToolsVersion = 9.0;
						ProvisioningStyle = Automatic;
						TestTargetID = 130AEA791F80716B0024BDFC;
					};
				};
			};
			buildConfigurationList = 130AEA751F80716A0024BDFC /* Build configuration list for PBXProject "qst0-cards" */;
			compatibilityVersion = "Xcode 8.0";
			developmentRegion = en;
			hasScannedForEncodings = 0;
			knownRegions = (
				en,
				Base,
			);
			mainGroup = 130AEA711F80716A0024BDFC;
			productRefGroup = 130AEA7B1F80716B0024BDFC /* Products */;
			projectDirPath = "";
			projectRoot = "";
			targets = (
				130AEA791F80716B0024BDFC /* qst0-cards */,
				130AEA8D1F80716B0024BDFC /* qst0-cardsTests */,
			);
		};
/* End PBXProject section */

/* Begin PBXResourcesBuildPhase section */
		130AEA781F80716B0024BDFC /* Resources */ = {
			isa = PBXResourcesBuildPhase;
			buildActionMask = 2147483647;
			files = (
				130AEA881F80716B0024BDFC /* LaunchScreen.storyboard in Resources */,
				130AEA851F80716B0024BDFC /* Assets.xcassets in Resources */,
				130AEA831F80716B0024BDFC /* Main.storyboard in Resources */,
			);
			runOnlyForDeploymentPostprocessing = 0;
		};
		130AEA8C1F80716B0024BDFC /* Resources */ = {
			isa = PBXResourcesBuildPhase;
			buildActionMask = 2147483647;
			files = (
			);
			runOnlyForDeploymentPostprocessing = 0;
		};
/* End PBXResourcesBuildPhase section */

/* Begin PBXSourcesBuildPhase section */
		130AEA761F80716B0024BDFC /* Sources */ = {
			isa = PBXSourcesBuildPhase;
			buildActionMask = 2147483647;
			files = (
				130AEA801F80716B0024BDFC /* ViewController.swift in Sources */,
				130AEA7E1F80716B0024BDFC /* AppDelegate.swift in Sources */,
			);
			runOnlyForDeploymentPostprocessing = 0;
		};
		130AEA8A1F80716B0024BDFC /* Sources */ = {
			isa = PBXSourcesBuildPhase;
			buildActionMask = 2147483647;
			files = (
				130AEA931F80716B0024BDFC /* qst0_cardsTests.swift in Sources */,
			);
			runOnlyForDeploymentPostprocessing = 0;
		};
/* End PBXSourcesBuildPhase section */

/* Begin PBXTargetDependency section */
		130AEA901F80716B0024BDFC /* PBXTargetDependency */ = {
			isa = PBXTargetDependency;
			target = 130AEA791F80716B0024BDFC /* qst0-cards */;
			targetProxy = 130AEA8F1F80716B0024BDFC /* PBXContainerItemProxy */;
		};
/* End PBXTargetDependency section */

/* Begin PBXVariantGroup section */
		130AEA811F80716B0024BDFC /* Main.storyboard */ = {
			isa = PBXVariantGroup;
			children = (
				130AEA821F80716B0024BDFC /* Base */,
			);
			name = Main.storyboard;
			sourceTree = "<group>";
		};
		130AEA861F80716B0024BDFC /* LaunchScreen.storyboard */ = {
			isa = PBXVariantGroup;
			children = (
				130AEA871F80716B0024BDFC /* Base */,
			);
			name = LaunchScreen.storyboard;
			sourceTree = "<group>";
		};
/* End PBXVariantGroup section */

/* Begin XCBuildConfiguration section */
		130AEA951F80716B0024BDFC /* Debug */ = {
			isa = XCBuildConfiguration;
			buildSettings = {
				ALWAYS_SEARCH_USER_PATHS = NO;
				CLANG_ANALYZER_NONNULL = YES;
				CLANG_ANALYZER_NUMBER_OBJECT_CONVERSION = YES_AGGRESSIVE;
				CLANG_CXX_LANGUAGE_STANDARD = "gnu++14";
				CLANG_CXX_LIBRARY = "libc++";
				CLANG_ENABLE_MODULES = YES;
				CLANG_ENABLE_OBJC_ARC = YES;
				CLANG_WARN_BLOCK_CAPTURE_AUTORELEASING = YES;
				CLANG_WARN_BOOL_CONVERSION = YES;
				CLANG_WARN_COMMA = YES;
				CLANG_WARN_CONSTANT_CONVERSION = YES;
				CLANG_WARN_DIRECT_OBJC_ISA_USAGE = YES_ERROR;
				CLANG_WARN_DOCUMENTATION_COMMENTS = YES;
				CLANG_WARN_EMPTY_BODY = YES;
				CLANG_WARN_ENUM_CONVERSION = YES;
				CLANG_WARN_INFINITE_RECURSION = YES;
				CLANG_WARN_INT_CONVERSION = YES;
				CLANG_WARN_NON_LITERAL_NULL_CONVERSION = YES;
				CLANG_WARN_OBJC_LITERAL_CONVERSION = YES;
				CLANG_WARN_OBJC_ROOT_CLASS = YES_ERROR;
				CLANG_WARN_RANGE_LOOP_ANALYSIS = YES;
				CLANG_WARN_STRICT_PROTOTYPES = YES;
				CLANG_WARN_SUSPICIOUS_MOVE = YES;
				CLANG_WARN_UNGUARDED_AVAILABILITY = YES_AGGRESSIVE;
				CLANG_WARN_UNREACHABLE_CODE = YES;
				CLANG_WARN__DUPLICATE_METHOD_MATCH = YES;
				CODE_SIGN_IDENTITY = "iPhone Developer";
				COPY_PHASE_STRIP = NO;
				DEBUG_INFORMATION_FORMAT = dwarf;
				ENABLE_STRICT_OBJC_MSGSEND = YES;
				ENABLE_TESTABILITY = YES;
				GCC_C_LANGUAGE_STANDARD = gnu11;
				GCC_DYNAMIC_NO_PIC = NO;
				GCC_NO_COMMON_BLOCKS = YES;
				GCC_OPTIMIZATION_LEVEL = 0;
				GCC_PREPROCESSOR_DEFINITIONS = (
					"DEBUG=1",
					"$(inherited)",
				);
				GCC_WARN_64_TO_32_BIT_CONVERSION = YES;
				GCC_WARN_ABOUT_RETURN_TYPE = YES_ERROR;
				GCC_WARN_UNDECLARED_SELECTOR = YES;
				GCC_WARN_UNINITIALIZED_AUTOS = YES_AGGRESSIVE;
				GCC_WARN_UNUSED_FUNCTION = YES;
				GCC_WARN_UNUSED_VARIABLE = YES;
				IPHONEOS_DEPLOYMENT_TARGET = 11.0;
				MTL_ENABLE_DEBUG_INFO = YES;
				ONLY_ACTIVE_ARCH = YES;
				SDKROOT = iphoneos;
				SWIFT_ACTIVE_COMPILATION_CONDITIONS = DEBUG;
				SWIFT_OPTIMIZATION_LEVEL = "-Onone";
			};
			name = Debug;
		};
		130AEA961F80716B0024BDFC /* Release */ = {
			isa = XCBuildConfiguration;
			buildSettings = {
				ALWAYS_SEARCH_USER_PATHS = NO;
				CLANG_ANALYZER_NONNULL = YES;
				CLANG_ANALYZER_NUMBER_OBJECT_CONVERSION = YES_AGGRESSIVE;
				CLANG_CXX_LANGUAGE_STANDARD = "gnu++14";
				CLANG_CXX_LIBRARY = "libc++";
				CLANG_ENABLE_MODULES = YES;
				CLANG_ENABLE_OBJC_ARC = YES;
				CLANG_WARN_BLOCK_CAPTURE_AUTORELEASING = YES;
				CLANG_WARN_BOOL_CONVERSION = YES;
				CLANG_WARN_COMMA = YES;
				CLANG_WARN_CONSTANT_CONVERSION = YES;
				CLANG_WARN_DIRECT_OBJC_ISA_USAGE = YES_ERROR;
				CLANG_WARN_DOCUMENTATION_COMMENTS = YES;
				CLANG_WARN_EMPTY_BODY = YES;
				CLANG_WARN_ENUM_CONVERSION = YES;
				CLANG_WARN_INFINITE_RECURSION = YES;
				CLANG_WARN_INT_CONVERSION = YES;
				CLANG_WARN_NON_LITERAL_NULL_CONVERSION = YES;
				CLANG_WARN_OBJC_LITERAL_CONVERSION = YES;
				CLANG_WARN_OBJC_ROOT_CLASS = YES_ERROR;
				CLANG_WARN_RANGE_LOOP_ANALYSIS = YES;
				CLANG_WARN_STRICT_PROTOTYPES = YES;
				CLANG_WARN_SUSPICIOUS_MOVE = YES;
				CLANG_WARN_UNGUARDED_AVAILABILITY = YES_AGGRESSIVE;
				CLANG_WARN_UNREACHABLE_CODE = YES;
				CLANG_WARN__DUPLICATE_METHOD_MATCH = YES;
				CODE_SIGN_IDENTITY = "iPhone Developer";
				COPY_PHASE_STRIP = NO;
				DEBUG_INFORMATION_FORMAT = "dwarf-with-dsym";
				ENABLE_NS_ASSERTIONS = NO;
				ENABLE_STRICT_OBJC_MSGSEND = YES;
				GCC_C_LANGUAGE_STANDARD = gnu11;
				GCC_NO_COMMON_BLOCKS = YES;
				GCC_WARN_64_TO_32_BIT_CONVERSION = YES;
				GCC_WARN_ABOUT_RETURN_TYPE = YES_ERROR;
				GCC_WARN_UNDECLARED_SELECTOR = YES;
				GCC_WARN_UNINITIALIZED_AUTOS = YES_AGGRESSIVE;
				GCC_WARN_UNUSED_FUNCTION = YES;
				GCC_WARN_UNUSED_VARIABLE = YES;
				IPHONEOS_DEPLOYMENT_TARGET = 11.0;
				MTL_ENABLE_DEBUG_INFO = NO;
				SDKROOT = iphoneos;
				SWIFT_OPTIMIZATION_LEVEL = "-Owholemodule";
				VALIDATE_PRODUCT = YES;
			};
			name = Release;
		};
		130AEA981F80716B0024BDFC /* Debug */ = {
			isa = XCBuildConfiguration;
			buildSettings = {
				ASSETCATALOG_COMPILER_APPICON_NAME = AppIcon;
				CODE_SIGN_STYLE = Automatic;
				DEVELOPMENT_TEAM = HX4EQ4XJD2;
				INFOPLIST_FILE = "qst0-cards/Info.plist";
				LD_RUNPATH_SEARCH_PATHS = "$(inherited) @executable_path/Frameworks";
				PRODUCT_BUNDLE_IDENTIFIER = "MetaHobby.qst0-cards";
				PRODUCT_NAME = "$(TARGET_NAME)";
				SWIFT_VERSION = 4.0;
				TARGETED_DEVICE_FAMILY = "1,2";
			};
			name = Debug;
		};
		130AEA991F80716B0024BDFC /* Release */ = {
			isa = XCBuildConfiguration;
			buildSettings = {
				ASSETCATALOG_COMPILER_APPICON_NAME = AppIcon;
				CODE_SIGN_STYLE = Automatic;
				DEVELOPMENT_TEAM = HX4EQ4XJD2;
				INFOPLIST_FILE = "qst0-cards/Info.plist";
				LD_RUNPATH_SEARCH_PATHS = "$(inherited) @executable_path/Frameworks";
				PRODUCT_BUNDLE_IDENTIFIER = "MetaHobby.qst0-cards";
				PRODUCT_NAME = "$(TARGET_NAME)";
				SWIFT_VERSION = 4.0;
				TARGETED_DEVICE_FAMILY = "1,2";
			};
			name = Release;
		};
		130AEA9B1F80716B0024BDFC /* Debug */ = {
			isa = XCBuildConfiguration;
			buildSettings = {
				ALWAYS_EMBED_SWIFT_STANDARD_LIBRARIES = YES;
				BUNDLE_LOADER = "$(TEST_HOST)";
				CODE_SIGN_STYLE = Automatic;
				DEVELOPMENT_TEAM = HX4EQ4XJD2;
				INFOPLIST_FILE = "qst0-cardsTests/Info.plist";
				LD_RUNPATH_SEARCH_PATHS = "$(inherited) @executable_path/Frameworks @loader_path/Frameworks";
				PRODUCT_BUNDLE_IDENTIFIER = "MetaHobby.qst0-cardsTests";
				PRODUCT_NAME = "$(TARGET_NAME)";
				SWIFT_VERSION = 4.0;
				TARGETED_DEVICE_FAMILY = "1,2";
				TEST_HOST = "$(BUILT_PRODUCTS_DIR)/qst0-cards.app/qst0-cards";
			};
			name = Debug;
		};
		130AEA9C1F80716B0024BDFC /* Release */ = {
			isa = XCBuildConfiguration;
			buildSettings = {
				ALWAYS_EMBED_SWIFT_STANDARD_LIBRARIES = YES;
				BUNDLE_LOADER = "$(TEST_HOST)";
				CODE_SIGN_STYLE = Automatic;
				DEVELOPMENT_TEAM = HX4EQ4XJD2;
				INFOPLIST_FILE = "qst0-cardsTests/Info.plist";
				LD_RUNPATH_SEARCH_PATHS = "$(inherited) @executable_path/Frameworks @loader_path/Frameworks";
				PRODUCT_BUNDLE_IDENTIFIER = "MetaHobby.qst0-cardsTests";
				PRODUCT_NAME = "$(TARGET_NAME)";
				SWIFT_VERSION = 4.0;
				TARGETED_DEVICE_FAMILY = "1,2";
				TEST_HOST = "$(BUILT_PRODUCTS_DIR)/qst0-cards.app/qst0-cards";
			};
			name = Release;
		};
/* End XCBuildConfiguration section */

/* Begin XCConfigurationList section */
		130AEA751F80716A0024BDFC /* Build configuration list for PBXProject "qst0-cards" */ = {
			isa = XCConfigurationList;
			buildConfigurations = (
				130AEA951F80716B0024BDFC /* Debug */,
				130AEA961F80716B0024BDFC /* Release */,
			);
			defaultConfigurationIsVisible = 0;
			defaultConfigurationName = Release;
		};
		130AEA971F80716B0024BDFC /* Build configuration list for PBXNativeTarget "qst0-cards" */ = {
			isa = XCConfigurationList;
			buildConfigurations = (
				130AEA981F80716B0024BDFC /* Debug */,
				130AEA991F80716B0024BDFC /* Release */,
			);
			defaultConfigurationIsVisible = 0;
			defaultConfigurationName = Release;
		};
		130AEA9A1F80716B0024BDFC /* Build configuration list for PBXNativeTarget "qst0-cardsTests" */ = {
			isa = XCConfigurationList;
			buildConfigurations = (
				130AEA9B1F80716B0024BDFC /* Debug */,
				130AEA9C1F80716B0024BDFC /* Release */,
			);
			defaultConfigurationIsVisible = 0;
			defaultConfigurationName = Release;
		};
/* End XCConfigurationList section */
	};
	rootObject = 130AEA721F80716A0024BDFC /* Project object */;
}
